
Microsoft Visual Studio Solution File, Format Version 12.00
# Visual Studio Version 17
VisualStudioVersion = 17.1.32210.238
MinimumVisualStudioVersion = 10.0.40219.1
Project("{FAE04EC0-301F-11D3-BF4B-00C04F79EFBC}") = "Clase-17ABM", "Clase-17ABM\Clase-17ABM.csproj", "{9884D305-8BCF-4EFA-BB59-6BE685303009}"
EndProject
Global
	GlobalSection(SolutionConfigurationPlatforms) = preSolution
		Debug|Any CPU = Debug|Any CPU
		Release|Any CPU = Release|Any CPU
	EndGlobalSection
	GlobalSection(ProjectConfigurationPlatforms) = postSolution
		{9884D305-8BCF-4EFA-BB59-6BE685303009}.Debug|Any CPU.ActiveCfg = Debug|Any CPU
		{9884D305-8BCF-4EFA-BB59-6BE685303009}.Debug|Any CPU.Build.0 = Debug|Any CPU
		{9884D305-8BCF-4EFA-BB59-6BE685303009}.Release|Any CPU.ActiveCfg = Release|Any CPU
		{9884D305-8BCF-4EFA-BB59-6BE685303009}.Release|Any CPU.Build.0 = Release|Any CPU
	EndGlobalSection
	GlobalSection(SolutionProperties) = preSolution
		HideSolutionNode = FALSE
	EndGlobalSection
	GlobalSection(ExtensibilityGlobals) = postSolution
		SolutionGuid = {0468AF8B-5642-4534-8A09-5968AF807D6C}
	EndGlobalSection
EndGlobal
